// !$*UTF8*$!
{
	archiveVersion = 1;
	classes = {
	};
	objectVersion = 77;
	objects = {

/* Begin PBXBuildFile section */
		4D967E3B2D7B333000D5AFDD /* .gitignore in Resources */ = {isa = PBXBuildFile; fileRef = 4D967E3A2D7B333000D5AFDD /* .gitignore */; };
		4D967E422D7B356100D5AFDD /* APIKey.swift in Sources */ = {isa = PBXBuildFile; fileRef = 4D967E412D7B356100D5AFDD /* APIKey.swift */; };
		4D967F162D7B536000D5AFDD /* SnapKit in Frameworks */ = {isa = PBXBuildFile; productRef = 4D967F152D7B536000D5AFDD /* SnapKit */; };
		4D967F192D7B539300D5AFDD /* RealmSwift in Frameworks */ = {isa = PBXBuildFile; productRef = 4D967F182D7B539300D5AFDD /* RealmSwift */; };
		4D967F1C2D7B53A600D5AFDD /* Alamofire in Frameworks */ = {isa = PBXBuildFile; productRef = 4D967F1B2D7B53A600D5AFDD /* Alamofire */; };
		4D967F1F2D7B53BD00D5AFDD /* Kingfisher in Frameworks */ = {isa = PBXBuildFile; productRef = 4D967F1E2D7B53BD00D5AFDD /* Kingfisher */; };
		4D967F222D7B53D300D5AFDD /* RxCocoa in Frameworks */ = {isa = PBXBuildFile; productRef = 4D967F212D7B53D300D5AFDD /* RxCocoa */; };
		4D967F242D7B53D300D5AFDD /* RxSwift in Frameworks */ = {isa = PBXBuildFile; productRef = 4D967F232D7B53D300D5AFDD /* RxSwift */; };
		4DFB5DF02D804E70008A911C /* RealmSwift in Embed Frameworks */ = {isa = PBXBuildFile; productRef = 4D967F182D7B539300D5AFDD /* RealmSwift */; settings = {ATTRIBUTES = (CodeSignOnCopy, ); }; };
		4DFB5DF42D805672008A911C /* DGCharts in Frameworks */ = {isa = PBXBuildFile; productRef = 4DFB5DF32D805672008A911C /* DGCharts */; };
/* End PBXBuildFile section */

/* Begin PBXCopyFilesBuildPhase section */
		4DFB5DF12D804E70008A911C /* Embed Frameworks */ = {
			isa = PBXCopyFilesBuildPhase;
			buildActionMask = 2147483647;
			dstPath = "";
			dstSubfolderSpec = 10;
			files = (
				4DFB5DF02D804E70008A911C /* RealmSwift in Embed Frameworks */,
			);
			name = "Embed Frameworks";
			runOnlyForDeploymentPostprocessing = 0;
		};
/* End PBXCopyFilesBuildPhase section */

/* Begin PBXFileReference section */
		4D967D652D7AFD3F00D5AFDD /* BitRise.app */ = {isa = PBXFileReference; explicitFileType = wrapper.application; includeInIndex = 0; path = BitRise.app; sourceTree = BUILT_PRODUCTS_DIR; };
		4D967E3A2D7B333000D5AFDD /* .gitignore */ = {isa = PBXFileReference; lastKnownFileType = text; path = .gitignore; sourceTree = "<group>"; };
		4D967E412D7B356100D5AFDD /* APIKey.swift */ = {isa = PBXFileReference; lastKnownFileType = sourcecode.swift; path = APIKey.swift; sourceTree = "<group>"; };
/* End PBXFileReference section */

/* Begin PBXFileSystemSynchronizedBuildFileExceptionSet section */
		4D967D772D7AFD4100D5AFDD /* Exceptions for "BitRise" folder in "BitRise" target */ = {
			isa = PBXFileSystemSynchronizedBuildFileExceptionSet;
			membershipExceptions = (
				Info.plist,
			);
			target = 4D967D642D7AFD3F00D5AFDD /* BitRise */;
		};
/* End PBXFileSystemSynchronizedBuildFileExceptionSet section */

/* Begin PBXFileSystemSynchronizedRootGroup section */
		4D967D672D7AFD3F00D5AFDD /* BitRise */ = {
			isa = PBXFileSystemSynchronizedRootGroup;
			exceptions = (
				4D967D772D7AFD4100D5AFDD /* Exceptions for "BitRise" folder in "BitRise" target */,
			);
			path = BitRise;
			sourceTree = "<group>";
		};
/* End PBXFileSystemSynchronizedRootGroup section */

/* Begin PBXFrameworksBuildPhase section */
		4D967D622D7AFD3F00D5AFDD /* Frameworks */ = {
			isa = PBXFrameworksBuildPhase;
			buildActionMask = 2147483647;
			files = (
				4DFB5DF42D805672008A911C /* DGCharts in Frameworks */,
				4D967F242D7B53D300D5AFDD /* RxSwift in Frameworks */,
				4D967F1F2D7B53BD00D5AFDD /* Kingfisher in Frameworks */,
				4D967F1C2D7B53A600D5AFDD /* Alamofire in Frameworks */,
				4D967F222D7B53D300D5AFDD /* RxCocoa in Frameworks */,
				4D967F192D7B539300D5AFDD /* RealmSwift in Frameworks */,
				4D967F162D7B536000D5AFDD /* SnapKit in Frameworks */,
			);
			runOnlyForDeploymentPostprocessing = 0;
		};
/* End PBXFrameworksBuildPhase section */

/* Begin PBXGroup section */
		4D967D5C2D7AFD3F00D5AFDD = {
			isa = PBXGroup;
			children = (
				4D967E412D7B356100D5AFDD /* APIKey.swift */,
				4D967E3A2D7B333000D5AFDD /* .gitignore */,
				4D967D672D7AFD3F00D5AFDD /* BitRise */,
				4D967D662D7AFD3F00D5AFDD /* Products */,
			);
			sourceTree = "<group>";
		};
		4D967D662D7AFD3F00D5AFDD /* Products */ = {
			isa = PBXGroup;
			children = (
				4D967D652D7AFD3F00D5AFDD /* BitRise.app */,
			);
			name = Products;
			sourceTree = "<group>";
		};
/* End PBXGroup section */

/* Begin PBXNativeTarget section */
		4D967D642D7AFD3F00D5AFDD /* BitRise */ = {
			isa = PBXNativeTarget;
			buildConfigurationList = 4D967D782D7AFD4100D5AFDD /* Build configuration list for PBXNativeTarget "BitRise" */;
			buildPhases = (
				4D967D612D7AFD3F00D5AFDD /* Sources */,
				4D967D622D7AFD3F00D5AFDD /* Frameworks */,
				4D967D632D7AFD3F00D5AFDD /* Resources */,
				4DFB5DF12D804E70008A911C /* Embed Frameworks */,
			);
			buildRules = (
			);
			dependencies = (
			);
			fileSystemSynchronizedGroups = (
				4D967D672D7AFD3F00D5AFDD /* BitRise */,
			);
			name = BitRise;
			packageProductDependencies = (
				4D967F152D7B536000D5AFDD /* SnapKit */,
				4D967F182D7B539300D5AFDD /* RealmSwift */,
				4D967F1B2D7B53A600D5AFDD /* Alamofire */,
				4D967F1E2D7B53BD00D5AFDD /* Kingfisher */,
				4D967F212D7B53D300D5AFDD /* RxCocoa */,
				4D967F232D7B53D300D5AFDD /* RxSwift */,
				4DFB5DF32D805672008A911C /* DGCharts */,
			);
			productName = BitRise;
			productReference = 4D967D652D7AFD3F00D5AFDD /* BitRise.app */;
			productType = "com.apple.product-type.application";
		};
/* End PBXNativeTarget section */

/* Begin PBXProject section */
		4D967D5D2D7AFD3F00D5AFDD /* Project object */ = {
			isa = PBXProject;
			attributes = {
				BuildIndependentTargetsInParallel = 1;
				LastSwiftUpdateCheck = 1620;
				LastUpgradeCheck = 1620;
				TargetAttributes = {
					4D967D642D7AFD3F00D5AFDD = {
						CreatedOnToolsVersion = 16.2;
					};
				};
			};
			buildConfigurationList = 4D967D602D7AFD3F00D5AFDD /* Build configuration list for PBXProject "BitRise" */;
			developmentRegion = en;
			hasScannedForEncodings = 0;
			knownRegions = (
				en,
				Base,
			);
			mainGroup = 4D967D5C2D7AFD3F00D5AFDD;
			minimizedProjectReferenceProxies = 1;
			packageReferences = (
				4D967F142D7B536000D5AFDD /* XCRemoteSwiftPackageReference "SnapKit" */,
				4D967F172D7B539300D5AFDD /* XCRemoteSwiftPackageReference "realm-swift" */,
				4D967F1A2D7B53A600D5AFDD /* XCRemoteSwiftPackageReference "Alamofire" */,
				4D967F1D2D7B53BD00D5AFDD /* XCRemoteSwiftPackageReference "Kingfisher" */,
				4D967F202D7B53D300D5AFDD /* XCRemoteSwiftPackageReference "RxSwift" */,
				4DFB5DF22D805672008A911C /* XCRemoteSwiftPackageReference "Charts" */,
			);
			preferredProjectObjectVersion = 77;
			productRefGroup = 4D967D662D7AFD3F00D5AFDD /* Products */;
			projectDirPath = "";
			projectRoot = "";
			targets = (
				4D967D642D7AFD3F00D5AFDD /* BitRise */,
			);
		};
/* End PBXProject section */

/* Begin PBXResourcesBuildPhase section */
		4D967D632D7AFD3F00D5AFDD /* Resources */ = {
			isa = PBXResourcesBuildPhase;
			buildActionMask = 2147483647;
			files = (
				4D967E3B2D7B333000D5AFDD /* .gitignore in Resources */,
			);
			runOnlyForDeploymentPostprocessing = 0;
		};
/* End PBXResourcesBuildPhase section */

/* Begin PBXSourcesBuildPhase section */
		4D967D612D7AFD3F00D5AFDD /* Sources */ = {
			isa = PBXSourcesBuildPhase;
			buildActionMask = 2147483647;
			files = (
				4D967E422D7B356100D5AFDD /* APIKey.swift in Sources */,
			);
			runOnlyForDeploymentPostprocessing = 0;
		};
/* End PBXSourcesBuildPhase section */

/* Begin XCBuildConfiguration section */
		4D967D792D7AFD4100D5AFDD /* Debug */ = {
			isa = XCBuildConfiguration;
			buildSettings = {
				ASSETCATALOG_COMPILER_APPICON_NAME = AppIcon;
				ASSETCATALOG_COMPILER_GLOBAL_ACCENT_COLOR_NAME = AccentColor;
				CODE_SIGN_STYLE = Automatic;
				CURRENT_PROJECT_VERSION = 1;
				DEVELOPMENT_TEAM = Z388Z4UCTV;
				GENERATE_INFOPLIST_FILE = YES;
				INFOPLIST_FILE = BitRise/Info.plist;
				INFOPLIST_KEY_CFBundleDisplayName = "권우석";
				INFOPLIST_KEY_UIApplicationSupportsIndirectInputEvents = YES;
				INFOPLIST_KEY_UILaunchStoryboardName = LaunchScreen;
				INFOPLIST_KEY_UIMainStoryboardFile = "";
				INFOPLIST_KEY_UISupportedInterfaceOrientations = UIInterfaceOrientationPortrait;
				INFOPLIST_KEY_UISupportedInterfaceOrientations_iPad = UIInterfaceOrientationPortrait;
				IPHONEOS_DEPLOYMENT_TARGET = 16.0;
				LD_RUNPATH_SEARCH_PATHS = (
					"$(inherited)",
					"@executable_path/Frameworks",
				);
				MARKETING_VERSION = 1.0;
				PRODUCT_BUNDLE_IDENTIFIER = com.kwonws.BitRise;
				PRODUCT_NAME = "$(TARGET_NAME)";
				SUPPORTED_PLATFORMS = "iphoneos iphonesimulator";
				SUPPORTS_MACCATALYST = NO;
				SUPPORTS_MAC_DESIGNED_FOR_IPHONE_IPAD = NO;
				SUPPORTS_XR_DESIGNED_FOR_IPHONE_IPAD = NO;
				SWIFT_EMIT_LOC_STRINGS = YES;
				SWIFT_VERSION = 5.0;
				TARGETED_DEVICE_FAMILY = 1;
			};
			name = Debug;
		};
		4D967D7A2D7AFD4100D5AFDD /* Release */ = {
			isa = XCBuildConfiguration;
			buildSettings = {
				ASSETCATALOG_COMPILER_APPICON_NAME = AppIcon;
				ASSETCATALOG_COMPILER_GLOBAL_ACCENT_COLOR_NAME = AccentColor;
				CODE_SIGN_STYLE = Automatic;
				CURRENT_PROJECT_VERSION = 1;
				DEVELOPMENT_TEAM = Z388Z4UCTV;
				GENERATE_INFOPLIST_FILE = YES;
				INFOPLIST_FILE = BitRise/Info.plist;
				INFOPLIST_KEY_CFBundleDisplayName = "권우석";
				INFOPLIST_KEY_UIApplicationSupportsIndirectInputEvents = YES;
				INFOPLIST_KEY_UILaunchStoryboardName = LaunchScreen;
				INFOPLIST_KEY_UIMainStoryboardFile = "";
				INFOPLIST_KEY_UISupportedInterfaceOrientations = UIInterfaceOrientationPortrait;
				INFOPLIST_KEY_UISupportedInterfaceOrientations_iPad = UIInterfaceOrientationPortrait;
				IPHONEOS_DEPLOYMENT_TARGET = 16.0;
				LD_RUNPATH_SEARCH_PATHS = (
					"$(inherited)",
					"@executable_path/Frameworks",
				);
				MARKETING_VERSION = 1.0;
				PRODUCT_BUNDLE_IDENTIFIER = com.kwonws.BitRise;
				PRODUCT_NAME = "$(TARGET_NAME)";
				SUPPORTED_PLATFORMS = "iphoneos iphonesimulator";
				SUPPORTS_MACCATALYST = NO;
				SUPPORTS_MAC_DESIGNED_FOR_IPHONE_IPAD = NO;
				SUPPORTS_XR_DESIGNED_FOR_IPHONE_IPAD = NO;
				SWIFT_EMIT_LOC_STRINGS = YES;
				SWIFT_VERSION = 5.0;
				TARGETED_DEVICE_FAMILY = 1;
			};
			name = Release;
		};
		4D967D7B2D7AFD4100D5AFDD /* Debug */ = {
			isa = XCBuildConfiguration;
			buildSettings = {
				ALWAYS_SEARCH_USER_PATHS = NO;
				ASSETCATALOG_COMPILER_GENERATE_SWIFT_ASSET_SYMBOL_EXTENSIONS = YES;
				CLANG_ANALYZER_NONNULL = YES;
				CLANG_ANALYZER_NUMBER_OBJECT_CONVERSION = YES_AGGRESSIVE;
				CLANG_CXX_LANGUAGE_STANDARD = "gnu++20";
				CLANG_ENABLE_MODULES = YES;
				CLANG_ENABLE_OBJC_ARC = YES;
				CLANG_ENABLE_OBJC_WEAK = YES;
				CLANG_WARN_BLOCK_CAPTURE_AUTORELEASING = YES;
				CLANG_WARN_BOOL_CONVERSION = YES;
				CLANG_WARN_COMMA = YES;
				CLANG_WARN_CONSTANT_CONVERSION = YES;
				CLANG_WARN_DEPRECATED_OBJC_IMPLEMENTATIONS = YES;
				CLANG_WARN_DIRECT_OBJC_ISA_USAGE = YES_ERROR;
				CLANG_WARN_DOCUMENTATION_COMMENTS = YES;
				CLANG_WARN_EMPTY_BODY = YES;
				CLANG_WARN_ENUM_CONVERSION = YES;
				CLANG_WARN_INFINITE_RECURSION = YES;
				CLANG_WARN_INT_CONVERSION = YES;
				CLANG_WARN_NON_LITERAL_NULL_CONVERSION = YES;
				CLANG_WARN_OBJC_IMPLICIT_RETAIN_SELF = YES;
				CLANG_WARN_OBJC_LITERAL_CONVERSION = YES;
				CLANG_WARN_OBJC_ROOT_CLASS = YES_ERROR;
				CLANG_WARN_QUOTED_INCLUDE_IN_FRAMEWORK_HEADER = YES;
				CLANG_WARN_RANGE_LOOP_ANALYSIS = YES;
				CLANG_WARN_STRICT_PROTOTYPES = YES;
				CLANG_WARN_SUSPICIOUS_MOVE = YES;
				CLANG_WARN_UNGUARDED_AVAILABILITY = YES_AGGRESSIVE;
				CLANG_WARN_UNREACHABLE_CODE = YES;
				CLANG_WARN__DUPLICATE_METHOD_MATCH = YES;
				COPY_PHASE_STRIP = NO;
				DEBUG_INFORMATION_FORMAT = dwarf;
				ENABLE_STRICT_OBJC_MSGSEND = YES;
				ENABLE_TESTABILITY = YES;
				ENABLE_USER_SCRIPT_SANDBOXING = YES;
				GCC_C_LANGUAGE_STANDARD = gnu17;
				GCC_DYNAMIC_NO_PIC = NO;
				GCC_NO_COMMON_BLOCKS = YES;
				GCC_OPTIMIZATION_LEVEL = 0;
				GCC_PREPROCESSOR_DEFINITIONS = (
					"DEBUG=1",
					"$(inherited)",
				);
				GCC_WARN_64_TO_32_BIT_CONVERSION = YES;
				GCC_WARN_ABOUT_RETURN_TYPE = YES_ERROR;
				GCC_WARN_UNDECLARED_SELECTOR = YES;
				GCC_WARN_UNINITIALIZED_AUTOS = YES_AGGRESSIVE;
				GCC_WARN_UNUSED_FUNCTION = YES;
				GCC_WARN_UNUSED_VARIABLE = YES;
				IPHONEOS_DEPLOYMENT_TARGET = 18.2;
				LOCALIZATION_PREFERS_STRING_CATALOGS = YES;
				MTL_ENABLE_DEBUG_INFO = INCLUDE_SOURCE;
				MTL_FAST_MATH = YES;
				ONLY_ACTIVE_ARCH = YES;
				SDKROOT = iphoneos;
				SWIFT_ACTIVE_COMPILATION_CONDITIONS = "DEBUG $(inherited)";
				SWIFT_OPTIMIZATION_LEVEL = "-Onone";
			};
			name = Debug;
		};
		4D967D7C2D7AFD4100D5AFDD /* Release */ = {
			isa = XCBuildConfiguration;
			buildSettings = {
				ALWAYS_SEARCH_USER_PATHS = NO;
				ASSETCATALOG_COMPILER_GENERATE_SWIFT_ASSET_SYMBOL_EXTENSIONS = YES;
				CLANG_ANALYZER_NONNULL = YES;
				CLANG_ANALYZER_NUMBER_OBJECT_CONVERSION = YES_AGGRESSIVE;
				CLANG_CXX_LANGUAGE_STANDARD = "gnu++20";
				CLANG_ENABLE_MODULES = YES;
				CLANG_ENABLE_OBJC_ARC = YES;
				CLANG_ENABLE_OBJC_WEAK = YES;
				CLANG_WARN_BLOCK_CAPTURE_AUTORELEASING = YES;
				CLANG_WARN_BOOL_CONVERSION = YES;
				CLANG_WARN_COMMA = YES;
				CLANG_WARN_CONSTANT_CONVERSION = YES;
				CLANG_WARN_DEPRECATED_OBJC_IMPLEMENTATIONS = YES;
				CLANG_WARN_DIRECT_OBJC_ISA_USAGE = YES_ERROR;
				CLANG_WARN_DOCUMENTATION_COMMENTS = YES;
				CLANG_WARN_EMPTY_BODY = YES;
				CLANG_WARN_ENUM_CONVERSION = YES;
				CLANG_WARN_INFINITE_RECURSION = YES;
				CLANG_WARN_INT_CONVERSION = YES;
				CLANG_WARN_NON_LITERAL_NULL_CONVERSION = YES;
				CLANG_WARN_OBJC_IMPLICIT_RETAIN_SELF = YES;
				CLANG_WARN_OBJC_LITERAL_CONVERSION = YES;
				CLANG_WARN_OBJC_ROOT_CLASS = YES_ERROR;
				CLANG_WARN_QUOTED_INCLUDE_IN_FRAMEWORK_HEADER = YES;
				CLANG_WARN_RANGE_LOOP_ANALYSIS = YES;
				CLANG_WARN_STRICT_PROTOTYPES = YES;
				CLANG_WARN_SUSPICIOUS_MOVE = YES;
				CLANG_WARN_UNGUARDED_AVAILABILITY = YES_AGGRESSIVE;
				CLANG_WARN_UNREACHABLE_CODE = YES;
				CLANG_WARN__DUPLICATE_METHOD_MATCH = YES;
				COPY_PHASE_STRIP = NO;
				DEBUG_INFORMATION_FORMAT = "dwarf-with-dsym";
				ENABLE_NS_ASSERTIONS = NO;
				ENABLE_STRICT_OBJC_MSGSEND = YES;
				ENABLE_USER_SCRIPT_SANDBOXING = YES;
				GCC_C_LANGUAGE_STANDARD = gnu17;
				GCC_NO_COMMON_BLOCKS = YES;
				GCC_WARN_64_TO_32_BIT_CONVERSION = YES;
				GCC_WARN_ABOUT_RETURN_TYPE = YES_ERROR;
				GCC_WARN_UNDECLARED_SELECTOR = YES;
				GCC_WARN_UNINITIALIZED_AUTOS = YES_AGGRESSIVE;
				GCC_WARN_UNUSED_FUNCTION = YES;
				GCC_WARN_UNUSED_VARIABLE = YES;
				IPHONEOS_DEPLOYMENT_TARGET = 18.2;
				LOCALIZATION_PREFERS_STRING_CATALOGS = YES;
				MTL_ENABLE_DEBUG_INFO = NO;
				MTL_FAST_MATH = YES;
				SDKROOT = iphoneos;
				SWIFT_COMPILATION_MODE = wholemodule;
				VALIDATE_PRODUCT = YES;
			};
			name = Release;
		};
/* End XCBuildConfiguration section */

/* Begin XCConfigurationList section */
		4D967D602D7AFD3F00D5AFDD /* Build configuration list for PBXProject "BitRise" */ = {
			isa = XCConfigurationList;
			buildConfigurations = (
				4D967D7B2D7AFD4100D5AFDD /* Debug */,
				4D967D7C2D7AFD4100D5AFDD /* Release */,
			);
			defaultConfigurationIsVisible = 0;
			defaultConfigurationName = Release;
		};
		4D967D782D7AFD4100D5AFDD /* Build configuration list for PBXNativeTarget "BitRise" */ = {
			isa = XCConfigurationList;
			buildConfigurations = (
				4D967D792D7AFD4100D5AFDD /* Debug */,
				4D967D7A2D7AFD4100D5AFDD /* Release */,
			);
			defaultConfigurationIsVisible = 0;
			defaultConfigurationName = Release;
		};
/* End XCConfigurationList section */

/* Begin XCRemoteSwiftPackageReference section */
		4D967F142D7B536000D5AFDD /* XCRemoteSwiftPackageReference "SnapKit" */ = {
			isa = XCRemoteSwiftPackageReference;
			repositoryURL = "https://github.com/SnapKit/SnapKit";
			requirement = {
				kind = upToNextMajorVersion;
				minimumVersion = 5.7.1;
			};
		};
		4D967F172D7B539300D5AFDD /* XCRemoteSwiftPackageReference "realm-swift" */ = {
			isa = XCRemoteSwiftPackageReference;
			repositoryURL = "https://github.com/realm/realm-swift.git";
			requirement = {
				kind = exactVersion;
				version = 20.0.1;
			};
		};
		4D967F1A2D7B53A600D5AFDD /* XCRemoteSwiftPackageReference "Alamofire" */ = {
			isa = XCRemoteSwiftPackageReference;
			repositoryURL = "https://github.com/Alamofire/Alamofire";
			requirement = {
				kind = upToNextMajorVersion;
				minimumVersion = 5.10.2;
			};
		};
		4D967F1D2D7B53BD00D5AFDD /* XCRemoteSwiftPackageReference "Kingfisher" */ = {
			isa = XCRemoteSwiftPackageReference;
			repositoryURL = "https://github.com/onevcat/Kingfisher";
			requirement = {
				kind = upToNextMajorVersion;
				minimumVersion = 8.3.0;
			};
		};
		4D967F202D7B53D300D5AFDD /* XCRemoteSwiftPackageReference "RxSwift" */ = {
			isa = XCRemoteSwiftPackageReference;
			repositoryURL = "https://github.com/ReactiveX/RxSwift.git";
			requirement = {
				kind = upToNextMajorVersion;
				minimumVersion = 6.9.0;
			};
		};
		4DFB5DF22D805672008A911C /* XCRemoteSwiftPackageReference "Charts" */ = {
			isa = XCRemoteSwiftPackageReference;
			repositoryURL = "https://github.com/danielgindi/Charts.git";
			requirement = {
				kind = upToNextMajorVersion;
				minimumVersion = 5.1.0;
			};
		};
/* End XCRemoteSwiftPackageReference section */

/* Begin XCSwiftPackageProductDependency section */
		4D967F152D7B536000D5AFDD /* SnapKit */ = {
			isa = XCSwiftPackageProductDependency;
			package = 4D967F142D7B536000D5AFDD /* XCRemoteSwiftPackageReference "SnapKit" */;
			productName = SnapKit;
		};
		4D967F182D7B539300D5AFDD /* RealmSwift */ = {
			isa = XCSwiftPackageProductDependency;
			package = 4D967F172D7B539300D5AFDD /* XCRemoteSwiftPackageReference "realm-swift" */;
			productName = RealmSwift;
		};
		4D967F1B2D7B53A600D5AFDD /* Alamofire */ = {
			isa = XCSwiftPackageProductDependency;
			package = 4D967F1A2D7B53A600D5AFDD /* XCRemoteSwiftPackageReference "Alamofire" */;
			productName = Alamofire;
		};
		4D967F1E2D7B53BD00D5AFDD /* Kingfisher */ = {
			isa = XCSwiftPackageProductDependency;
			package = 4D967F1D2D7B53BD00D5AFDD /* XCRemoteSwiftPackageReference "Kingfisher" */;
			productName = Kingfisher;
		};
		4D967F212D7B53D300D5AFDD /* RxCocoa */ = {
			isa = XCSwiftPackageProductDependency;
			package = 4D967F202D7B53D300D5AFDD /* XCRemoteSwiftPackageReference "RxSwift" */;
			productName = RxCocoa;
		};
		4D967F232D7B53D300D5AFDD /* RxSwift */ = {
			isa = XCSwiftPackageProductDependency;
			package = 4D967F202D7B53D300D5AFDD /* XCRemoteSwiftPackageReference "RxSwift" */;
			productName = RxSwift;
		};
		4DFB5DF32D805672008A911C /* DGCharts */ = {
			isa = XCSwiftPackageProductDependency;
			package = 4DFB5DF22D805672008A911C /* XCRemoteSwiftPackageReference "Charts" */;
			productName = DGCharts;
		};
/* End XCSwiftPackageProductDependency section */
	};
	rootObject = 4D967D5D2D7AFD3F00D5AFDD /* Project object */;
}
